
Microsoft Visual Studio Solution File, Format Version 12.00
# Visual Studio Version 17
VisualStudioVersion = 17.4.33403.182
MinimumVisualStudioVersion = 10.0.40219.1
Project("{FAE04EC0-301F-11D3-BF4B-00C04F79EFBC}") = "eTickets", "eTickets.csproj", "{D880AE81-72AD-4327-AD7A-6BC17A986DE2}"
EndProject
Global
	GlobalSection(SolutionConfigurationPlatforms) = preSolution
		Debug|Any CPU = Debug|Any CPU
		Release|Any CPU = Release|Any CPU
	EndGlobalSection
	GlobalSection(ProjectConfigurationPlatforms) = postSolution
		{D880AE81-72AD-4327-AD7A-6BC17A986DE2}.Debug|Any CPU.ActiveCfg = Debug|Any CPU
		{D880AE81-72AD-4327-AD7A-6BC17A986DE2}.Debug|Any CPU.Build.0 = Debug|Any CPU
		{D880AE81-72AD-4327-AD7A-6BC17A986DE2}.Release|Any CPU.ActiveCfg = Release|Any CPU
		{D880AE81-72AD-4327-AD7A-6BC17A986DE2}.Release|Any CPU.Build.0 = Release|Any CPU
	EndGlobalSection
	GlobalSection(SolutionProperties) = preSolution
		HideSolutionNode = FALSE
	EndGlobalSection
	GlobalSection(ExtensibilityGlobals) = postSolution
		SolutionGuid = {9877735E-9D9E-48A7-A4F0-622224E1216B}
	EndGlobalSection
EndGlobal
